// !$*UTF8*$!
{
	archiveVersion = 1;
	classes = {
	};
	objectVersion = 77;
	objects = {

/* Begin PBXContainerItemProxy section */
		3DEC4ADC2E5F9CD300DD5F9C /* PBXContainerItemProxy */ = {
			isa = PBXContainerItemProxy;
			containerPortal = 3DEC4AC62E5F9CD000DD5F9C /* Project object */;
			proxyType = 1;
			remoteGlobalIDString = 3DEC4ACD2E5F9CD000DD5F9C;
			remoteInfo = GuitarSongsTracker;
		};
		3DEC4AE62E5F9CD300DD5F9C /* PBXContainerItemProxy */ = {
			isa = PBXContainerItemProxy;
			containerPortal = 3DEC4AC62E5F9CD000DD5F9C /* Project object */;
			proxyType = 1;
			remoteGlobalIDString = 3DEC4ACD2E5F9CD000DD5F9C;
			remoteInfo = GuitarSongsTracker;
		};
/* End PBXContainerItemProxy section */

/* Begin PBXFileReference section */
		3DEC4ACE2E5F9CD000DD5F9C /* GuitarSongsTracker.app */ = {isa = PBXFileReference; explicitFileType = wrapper.application; includeInIndex = 0; path = GuitarSongsTracker.app; sourceTree = BUILT_PRODUCTS_DIR; };
		3DEC4ADB2E5F9CD300DD5F9C /* GuitarSongsTrackerTests.xctest */ = {isa = PBXFileReference; explicitFileType = wrapper.cfbundle; includeInIndex = 0; path = GuitarSongsTrackerTests.xctest; sourceTree = BUILT_PRODUCTS_DIR; };
		3DEC4AE52E5F9CD300DD5F9C /* GuitarSongsTrackerUITests.xctest */ = {isa = PBXFileReference; explicitFileType = wrapper.cfbundle; includeInIndex = 0; path = GuitarSongsTrackerUITests.xctest; sourceTree = BUILT_PRODUCTS_DIR; };
/* End PBXFileReference section */

/* Begin PBXFileSystemSynchronizedRootGroup section */
		3DEC4AD02E5F9CD000DD5F9C /* GuitarSongsTracker */ = {
			isa = PBXFileSystemSynchronizedRootGroup;
			path = GuitarSongsTracker;
			sourceTree = "<group>";
		};
		3DEC4ADE2E5F9CD300DD5F9C /* GuitarSongsTrackerTests */ = {
			isa = PBXFileSystemSynchronizedRootGroup;
			path = GuitarSongsTrackerTests;
			sourceTree = "<group>";
		};
		3DEC4AE82E5F9CD300DD5F9C /* GuitarSongsTrackerUITests */ = {
			isa = PBXFileSystemSynchronizedRootGroup;
			path = GuitarSongsTrackerUITests;
			sourceTree = "<group>";
		};
/* End PBXFileSystemSynchronizedRootGroup section */

/* Begin PBXFrameworksBuildPhase section */
		3DEC4ACB2E5F9CD000DD5F9C /* Frameworks */ = {
			isa = PBXFrameworksBuildPhase;
			buildActionMask = 2147483647;
			files = (
			);
			runOnlyForDeploymentPostprocessing = 0;
		};
		3DEC4AD82E5F9CD300DD5F9C /* Frameworks */ = {
			isa = PBXFrameworksBuildPhase;
			buildActionMask = 2147483647;
			files = (
			);
			runOnlyForDeploymentPostprocessing = 0;
		};
		3DEC4AE22E5F9CD300DD5F9C /* Frameworks */ = {
			isa = PBXFrameworksBuildPhase;
			buildActionMask = 2147483647;
			files = (
			);
			runOnlyForDeploymentPostprocessing = 0;
		};
/* End PBXFrameworksBuildPhase section */

/* Begin PBXGroup section */
		3DEC4AC52E5F9CD000DD5F9C = {
			isa = PBXGroup;
			children = (
				3DEC4AD02E5F9CD000DD5F9C /* GuitarSongsTracker */,
				3DEC4ADE2E5F9CD300DD5F9C /* GuitarSongsTrackerTests */,
				3DEC4AE82E5F9CD300DD5F9C /* GuitarSongsTrackerUITests */,
				3DEC4ACF2E5F9CD000DD5F9C /* Products */,
			);
			sourceTree = "<group>";
		};
		3DEC4ACF2E5F9CD000DD5F9C /* Products */ = {
			isa = PBXGroup;
			children = (
				3DEC4ACE2E5F9CD000DD5F9C /* GuitarSongsTracker.app */,
				3DEC4ADB2E5F9CD300DD5F9C /* GuitarSongsTrackerTests.xctest */,
				3DEC4AE52E5F9CD300DD5F9C /* GuitarSongsTrackerUITests.xctest */,
			);
			name = Products;
			sourceTree = "<group>";
		};
/* End PBXGroup section */

/* Begin PBXNativeTarget section */
		3DEC4ACD2E5F9CD000DD5F9C /* GuitarSongsTracker */ = {
			isa = PBXNativeTarget;
			buildConfigurationList = 3DEC4AEF2E5F9CD300DD5F9C /* Build configuration list for PBXNativeTarget "GuitarSongsTracker" */;
			buildPhases = (
				3DEC4ACA2E5F9CD000DD5F9C /* Sources */,
				3DEC4ACB2E5F9CD000DD5F9C /* Frameworks */,
				3DEC4ACC2E5F9CD000DD5F9C /* Resources */,
			);
			buildRules = (
			);
			dependencies = (
			);
			fileSystemSynchronizedGroups = (
				3DEC4AD02E5F9CD000DD5F9C /* GuitarSongsTracker */,
			);
			name = GuitarSongsTracker;
			packageProductDependencies = (
			);
			productName = GuitarSongsTracker;
			productReference = 3DEC4ACE2E5F9CD000DD5F9C /* GuitarSongsTracker.app */;
			productType = "com.apple.product-type.application";
		};
		3DEC4ADA2E5F9CD300DD5F9C /* GuitarSongsTrackerTests */ = {
			isa = PBXNativeTarget;
			buildConfigurationList = 3DEC4AF22E5F9CD300DD5F9C /* Build configuration list for PBXNativeTarget "GuitarSongsTrackerTests" */;
			buildPhases = (
				3DEC4AD72E5F9CD300DD5F9C /* Sources */,
				3DEC4AD82E5F9CD300DD5F9C /* Frameworks */,
				3DEC4AD92E5F9CD300DD5F9C /* Resources */,
			);
			buildRules = (
			);
			dependencies = (
				3DEC4ADD2E5F9CD300DD5F9C /* PBXTargetDependency */,
			);
			fileSystemSynchronizedGroups = (
				3DEC4ADE2E5F9CD300DD5F9C /* GuitarSongsTrackerTests */,
			);
			name = GuitarSongsTrackerTests;
			packageProductDependencies = (
			);
			productName = GuitarSongsTrackerTests;
			productReference = 3DEC4ADB2E5F9CD300DD5F9C /* GuitarSongsTrackerTests.xctest */;
			productType = "com.apple.product-type.bundle.unit-test";
		};
		3DEC4AE42E5F9CD300DD5F9C /* GuitarSongsTrackerUITests */ = {
			isa = PBXNativeTarget;
			buildConfigurationList = 3DEC4AF52E5F9CD300DD5F9C /* Build configuration list for PBXNativeTarget "GuitarSongsTrackerUITests" */;
			buildPhases = (
				3DEC4AE12E5F9CD300DD5F9C /* Sources */,
				3DEC4AE22E5F9CD300DD5F9C /* Frameworks */,
				3DEC4AE32E5F9CD300DD5F9C /* Resources */,
			);
			buildRules = (
			);
			dependencies = (
				3DEC4AE72E5F9CD300DD5F9C /* PBXTargetDependency */,
			);
			fileSystemSynchronizedGroups = (
				3DEC4AE82E5F9CD300DD5F9C /* GuitarSongsTrackerUITests */,
			);
			name = GuitarSongsTrackerUITests;
			packageProductDependencies = (
			);
			productName = GuitarSongsTrackerUITests;
			productReference = 3DEC4AE52E5F9CD300DD5F9C /* GuitarSongsTrackerUITests.xctest */;
			productType = "com.apple.product-type.bundle.ui-testing";
		};
/* End PBXNativeTarget section */

/* Begin PBXProject section */
		3DEC4AC62E5F9CD000DD5F9C /* Project object */ = {
			isa = PBXProject;
			attributes = {
				BuildIndependentTargetsInParallel = 1;
				LastSwiftUpdateCheck = 2600;
				LastUpgradeCheck = 2600;
				TargetAttributes = {
					3DEC4ACD2E5F9CD000DD5F9C = {
						CreatedOnToolsVersion = 26.0;
					};
					3DEC4ADA2E5F9CD300DD5F9C = {
						CreatedOnToolsVersion = 26.0;
						TestTargetID = 3DEC4ACD2E5F9CD000DD5F9C;
					};
					3DEC4AE42E5F9CD300DD5F9C = {
						CreatedOnToolsVersion = 26.0;
						TestTargetID = 3DEC4ACD2E5F9CD000DD5F9C;
					};
				};
			};
			buildConfigurationList = 3DEC4AC92E5F9CD000DD5F9C /* Build configuration list for PBXProject "GuitarSongsTracker" */;
			developmentRegion = en;
			hasScannedForEncodings = 0;
			knownRegions = (
				en,
				Base,
			);
			mainGroup = 3DEC4AC52E5F9CD000DD5F9C;
			minimizedProjectReferenceProxies = 1;
			preferredProjectObjectVersion = 77;
			productRefGroup = 3DEC4ACF2E5F9CD000DD5F9C /* Products */;
			projectDirPath = "";
			projectRoot = "";
			targets = (
				3DEC4ACD2E5F9CD000DD5F9C /* GuitarSongsTracker */,
				3DEC4ADA2E5F9CD300DD5F9C /* GuitarSongsTrackerTests */,
				3DEC4AE42E5F9CD300DD5F9C /* GuitarSongsTrackerUITests */,
			);
		};
/* End PBXProject section */

/* Begin PBXResourcesBuildPhase section */
		3DEC4ACC2E5F9CD000DD5F9C /* Resources */ = {
			isa = PBXResourcesBuildPhase;
			buildActionMask = 2147483647;
			files = (
			);
			runOnlyForDeploymentPostprocessing = 0;
		};
		3DEC4AD92E5F9CD300DD5F9C /* Resources */ = {
			isa = PBXResourcesBuildPhase;
			buildActionMask = 2147483647;
			files = (
			);
			runOnlyForDeploymentPostprocessing = 0;
		};
		3DEC4AE32E5F9CD300DD5F9C /* Resources */ = {
			isa = PBXResourcesBuildPhase;
			buildActionMask = 2147483647;
			files = (
			);
			runOnlyForDeploymentPostprocessing = 0;
		};
/* End PBXResourcesBuildPhase section */

/* Begin PBXSourcesBuildPhase section */
		3DEC4ACA2E5F9CD000DD5F9C /* Sources */ = {
			isa = PBXSourcesBuildPhase;
			buildActionMask = 2147483647;
			files = (
			);
			runOnlyForDeploymentPostprocessing = 0;
		};
		3DEC4AD72E5F9CD300DD5F9C /* Sources */ = {
			isa = PBXSourcesBuildPhase;
			buildActionMask = 2147483647;
			files = (
			);
			runOnlyForDeploymentPostprocessing = 0;
		};
		3DEC4AE12E5F9CD300DD5F9C /* Sources */ = {
			isa = PBXSourcesBuildPhase;
			buildActionMask = 2147483647;
			files = (
			);
			runOnlyForDeploymentPostprocessing = 0;
		};
/* End PBXSourcesBuildPhase section */

/* Begin PBXTargetDependency section */
		3DEC4ADD2E5F9CD300DD5F9C /* PBXTargetDependency */ = {
			isa = PBXTargetDependency;
			target = 3DEC4ACD2E5F9CD000DD5F9C /* GuitarSongsTracker */;
			targetProxy = 3DEC4ADC2E5F9CD300DD5F9C /* PBXContainerItemProxy */;
		};
		3DEC4AE72E5F9CD300DD5F9C /* PBXTargetDependency */ = {
			isa = PBXTargetDependency;
			target = 3DEC4ACD2E5F9CD000DD5F9C /* GuitarSongsTracker */;
			targetProxy = 3DEC4AE62E5F9CD300DD5F9C /* PBXContainerItemProxy */;
		};
/* End PBXTargetDependency section */

/* Begin XCBuildConfiguration section */
		3DEC4AED2E5F9CD300DD5F9C /* Debug */ = {
			isa = XCBuildConfiguration;
			buildSettings = {
				ALWAYS_SEARCH_USER_PATHS = NO;
				ASSETCATALOG_COMPILER_GENERATE_SWIFT_ASSET_SYMBOL_EXTENSIONS = YES;
				CLANG_ANALYZER_NONNULL = YES;
				CLANG_ANALYZER_NUMBER_OBJECT_CONVERSION = YES_AGGRESSIVE;
				CLANG_CXX_LANGUAGE_STANDARD = "gnu++20";
				CLANG_ENABLE_MODULES = YES;
				CLANG_ENABLE_OBJC_ARC = YES;
				CLANG_ENABLE_OBJC_WEAK = YES;
				CLANG_WARN_BLOCK_CAPTURE_AUTORELEASING = YES;
				CLANG_WARN_BOOL_CONVERSION = YES;
				CLANG_WARN_COMMA = YES;
				CLANG_WARN_CONSTANT_CONVERSION = YES;
				CLANG_WARN_DEPRECATED_OBJC_IMPLEMENTATIONS = YES;
				CLANG_WARN_DIRECT_OBJC_ISA_USAGE = YES_ERROR;
				CLANG_WARN_DOCUMENTATION_COMMENTS = YES;
				CLANG_WARN_EMPTY_BODY = YES;
				CLANG_WARN_ENUM_CONVERSION = YES;
				CLANG_WARN_INFINITE_RECURSION = YES;
				CLANG_WARN_INT_CONVERSION = YES;
				CLANG_WARN_NON_LITERAL_NULL_CONVERSION = YES;
				CLANG_WARN_OBJC_IMPLICIT_RETAIN_SELF = YES;
				CLANG_WARN_OBJC_LITERAL_CONVERSION = YES;
				CLANG_WARN_OBJC_ROOT_CLASS = YES_ERROR;
				CLANG_WARN_QUOTED_INCLUDE_IN_FRAMEWORK_HEADER = YES;
				CLANG_WARN_RANGE_LOOP_ANALYSIS = YES;
				CLANG_WARN_STRICT_PROTOTYPES = YES;
				CLANG_WARN_SUSPICIOUS_MOVE = YES;
				CLANG_WARN_UNGUARDED_AVAILABILITY = YES_AGGRESSIVE;
				CLANG_WARN_UNREACHABLE_CODE = YES;
				CLANG_WARN__DUPLICATE_METHOD_MATCH = YES;
				COPY_PHASE_STRIP = NO;
				DEBUG_INFORMATION_FORMAT = dwarf;
				DEVELOPMENT_TEAM = 356QZB2X3M;
				ENABLE_STRICT_OBJC_MSGSEND = YES;
				ENABLE_TESTABILITY = YES;
				ENABLE_USER_SCRIPT_SANDBOXING = YES;
				GCC_C_LANGUAGE_STANDARD = gnu17;
				GCC_DYNAMIC_NO_PIC = NO;
				GCC_NO_COMMON_BLOCKS = YES;
				GCC_OPTIMIZATION_LEVEL = 0;
				GCC_PREPROCESSOR_DEFINITIONS = (
					"DEBUG=1",
					"$(inherited)",
				);
				GCC_WARN_64_TO_32_BIT_CONVERSION = YES;
				GCC_WARN_ABOUT_RETURN_TYPE = YES_ERROR;
				GCC_WARN_UNDECLARED_SELECTOR = YES;
				GCC_WARN_UNINITIALIZED_AUTOS = YES_AGGRESSIVE;
				GCC_WARN_UNUSED_FUNCTION = YES;
				GCC_WARN_UNUSED_VARIABLE = YES;
				IPHONEOS_DEPLOYMENT_TARGET = 26.0;
				LOCALIZATION_PREFERS_STRING_CATALOGS = YES;
				MTL_ENABLE_DEBUG_INFO = INCLUDE_SOURCE;
				MTL_FAST_MATH = YES;
				ONLY_ACTIVE_ARCH = YES;
				SDKROOT = iphoneos;
				SWIFT_ACTIVE_COMPILATION_CONDITIONS = "DEBUG $(inherited)";
				SWIFT_OPTIMIZATION_LEVEL = "-Onone";
			};
			name = Debug;
		};
		3DEC4AEE2E5F9CD300DD5F9C /* Release */ = {
			isa = XCBuildConfiguration;
			buildSettings = {
				ALWAYS_SEARCH_USER_PATHS = NO;
				ASSETCATALOG_COMPILER_GENERATE_SWIFT_ASSET_SYMBOL_EXTENSIONS = YES;
				CLANG_ANALYZER_NONNULL = YES;
				CLANG_ANALYZER_NUMBER_OBJECT_CONVERSION = YES_AGGRESSIVE;
				CLANG_CXX_LANGUAGE_STANDARD = "gnu++20";
				CLANG_ENABLE_MODULES = YES;
				CLANG_ENABLE_OBJC_ARC = YES;
				CLANG_ENABLE_OBJC_WEAK = YES;
				CLANG_WARN_BLOCK_CAPTURE_AUTORELEASING = YES;
				CLANG_WARN_BOOL_CONVERSION = YES;
				CLANG_WARN_COMMA = YES;
				CLANG_WARN_CONSTANT_CONVERSION = YES;
				CLANG_WARN_DEPRECATED_OBJC_IMPLEMENTATIONS = YES;
				CLANG_WARN_DIRECT_OBJC_ISA_USAGE = YES_ERROR;
				CLANG_WARN_DOCUMENTATION_COMMENTS = YES;
				CLANG_WARN_EMPTY_BODY = YES;
				CLANG_WARN_ENUM_CONVERSION = YES;
				CLANG_WARN_INFINITE_RECURSION = YES;
				CLANG_WARN_INT_CONVERSION = YES;
				CLANG_WARN_NON_LITERAL_NULL_CONVERSION = YES;
				CLANG_WARN_OBJC_IMPLICIT_RETAIN_SELF = YES;
				CLANG_WARN_OBJC_LITERAL_CONVERSION = YES;
				CLANG_WARN_OBJC_ROOT_CLASS = YES_ERROR;
				CLANG_WARN_QUOTED_INCLUDE_IN_FRAMEWORK_HEADER = YES;
				CLANG_WARN_RANGE_LOOP_ANALYSIS = YES;
				CLANG_WARN_STRICT_PROTOTYPES = YES;
				CLANG_WARN_SUSPICIOUS_MOVE = YES;
				CLANG_WARN_UNGUARDED_AVAILABILITY = YES_AGGRESSIVE;
				CLANG_WARN_UNREACHABLE_CODE = YES;
				CLANG_WARN__DUPLICATE_METHOD_MATCH = YES;
				COPY_PHASE_STRIP = NO;
				DEBUG_INFORMATION_FORMAT = "dwarf-with-dsym";
				DEVELOPMENT_TEAM = 356QZB2X3M;
				ENABLE_NS_ASSERTIONS = NO;
				ENABLE_STRICT_OBJC_MSGSEND = YES;
				ENABLE_USER_SCRIPT_SANDBOXING = YES;
				GCC_C_LANGUAGE_STANDARD = gnu17;
				GCC_NO_COMMON_BLOCKS = YES;
				GCC_WARN_64_TO_32_BIT_CONVERSION = YES;
				GCC_WARN_ABOUT_RETURN_TYPE = YES_ERROR;
				GCC_WARN_UNDECLARED_SELECTOR = YES;
				GCC_WARN_UNINITIALIZED_AUTOS = YES_AGGRESSIVE;
				GCC_WARN_UNUSED_FUNCTION = YES;
				GCC_WARN_UNUSED_VARIABLE = YES;
				IPHONEOS_DEPLOYMENT_TARGET = 26.0;
				LOCALIZATION_PREFERS_STRING_CATALOGS = YES;
				MTL_ENABLE_DEBUG_INFO = NO;
				MTL_FAST_MATH = YES;
				SDKROOT = iphoneos;
				SWIFT_COMPILATION_MODE = wholemodule;
				VALIDATE_PRODUCT = YES;
			};
			name = Release;
		};
		3DEC4AF02E5F9CD300DD5F9C /* Debug */ = {
			isa = XCBuildConfiguration;
			buildSettings = {
				ASSETCATALOG_COMPILER_APPICON_NAME = AppIcon;
				ASSETCATALOG_COMPILER_GLOBAL_ACCENT_COLOR_NAME = AccentColor;
				CODE_SIGN_STYLE = Automatic;
				CURRENT_PROJECT_VERSION = 1;
				DEVELOPMENT_TEAM = 356QZB2X3M;
				ENABLE_PREVIEWS = YES;
				GENERATE_INFOPLIST_FILE = YES;
				INFOPLIST_KEY_UIApplicationSceneManifest_Generation = YES;
				INFOPLIST_KEY_UIApplicationSupportsIndirectInputEvents = YES;
				INFOPLIST_KEY_UILaunchScreen_Generation = YES;
				INFOPLIST_KEY_UISupportedInterfaceOrientations_iPad = "UIInterfaceOrientationPortrait UIInterfaceOrientationPortraitUpsideDown UIInterfaceOrientationLandscapeLeft UIInterfaceOrientationLandscapeRight";
				INFOPLIST_KEY_UISupportedInterfaceOrientations_iPhone = "UIInterfaceOrientationPortrait UIInterfaceOrientationLandscapeLeft UIInterfaceOrientationLandscapeRight";
				LD_RUNPATH_SEARCH_PATHS = (
					"$(inherited)",
					"@executable_path/Frameworks",
				);
				MARKETING_VERSION = 1.0;
				PRODUCT_BUNDLE_IDENTIFIER = com.craigwilliams.GuitarSongsTracker;
				PRODUCT_NAME = "$(TARGET_NAME)";
				STRING_CATALOG_GENERATE_SYMBOLS = YES;
				SWIFT_APPROACHABLE_CONCURRENCY = YES;
				SWIFT_DEFAULT_ACTOR_ISOLATION = MainActor;
				SWIFT_EMIT_LOC_STRINGS = YES;
				SWIFT_UPCOMING_FEATURE_MEMBER_IMPORT_VISIBILITY = YES;
				SWIFT_VERSION = 5.0;
				TARGETED_DEVICE_FAMILY = "1,2";
			};
			name = Debug;
		};
		3DEC4AF12E5F9CD300DD5F9C /* Release */ = {
			isa = XCBuildConfiguration;
			buildSettings = {
				ASSETCATALOG_COMPILER_APPICON_NAME = AppIcon;
				ASSETCATALOG_COMPILER_GLOBAL_ACCENT_COLOR_NAME = AccentColor;
				CODE_SIGN_STYLE = Automatic;
				CURRENT_PROJECT_VERSION = 1;
				DEVELOPMENT_TEAM = 356QZB2X3M;
				ENABLE_PREVIEWS = YES;
				GENERATE_INFOPLIST_FILE = YES;
				INFOPLIST_KEY_UIApplicationSceneManifest_Generation = YES;
				INFOPLIST_KEY_UIApplicationSupportsIndirectInputEvents = YES;
				INFOPLIST_KEY_UILaunchScreen_Generation = YES;
				INFOPLIST_KEY_UISupportedInterfaceOrientations_iPad = "UIInterfaceOrientationPortrait UIInterfaceOrientationPortraitUpsideDown UIInterfaceOrientationLandscapeLeft UIInterfaceOrientationLandscapeRight";
				INFOPLIST_KEY_UISupportedInterfaceOrientations_iPhone = "UIInterfaceOrientationPortrait UIInterfaceOrientationLandscapeLeft UIInterfaceOrientationLandscapeRight";
				LD_RUNPATH_SEARCH_PATHS = (
					"$(inherited)",
					"@executable_path/Frameworks",
				);
				MARKETING_VERSION = 1.0;
				PRODUCT_BUNDLE_IDENTIFIER = com.craigwilliams.GuitarSongsTracker;
				PRODUCT_NAME = "$(TARGET_NAME)";
				STRING_CATALOG_GENERATE_SYMBOLS = YES;
				SWIFT_APPROACHABLE_CONCURRENCY = YES;
				SWIFT_DEFAULT_ACTOR_ISOLATION = MainActor;
				SWIFT_EMIT_LOC_STRINGS = YES;
				SWIFT_UPCOMING_FEATURE_MEMBER_IMPORT_VISIBILITY = YES;
				SWIFT_VERSION = 5.0;
				TARGETED_DEVICE_FAMILY = "1,2";
			};
			name = Release;
		};
		3DEC4AF32E5F9CD300DD5F9C /* Debug */ = {
			isa = XCBuildConfiguration;
			buildSettings = {
				BUNDLE_LOADER = "$(TEST_HOST)";
				CODE_SIGN_STYLE = Automatic;
				CURRENT_PROJECT_VERSION = 1;
				DEVELOPMENT_TEAM = 356QZB2X3M;
				GENERATE_INFOPLIST_FILE = YES;
				IPHONEOS_DEPLOYMENT_TARGET = 26.0;
				MARKETING_VERSION = 1.0;
				PRODUCT_BUNDLE_IDENTIFIER = com.craigwilliams.GuitarSongsTrackerTests;
				PRODUCT_NAME = "$(TARGET_NAME)";
				STRING_CATALOG_GENERATE_SYMBOLS = NO;
				SWIFT_APPROACHABLE_CONCURRENCY = YES;
				SWIFT_EMIT_LOC_STRINGS = NO;
				SWIFT_UPCOMING_FEATURE_MEMBER_IMPORT_VISIBILITY = YES;
				SWIFT_VERSION = 5.0;
				TARGETED_DEVICE_FAMILY = "1,2";
				TEST_HOST = "$(BUILT_PRODUCTS_DIR)/GuitarSongsTracker.app/$(BUNDLE_EXECUTABLE_FOLDER_PATH)/GuitarSongsTracker";
			};
			name = Debug;
		};
		3DEC4AF42E5F9CD300DD5F9C /* Release */ = {
			isa = XCBuildConfiguration;
			buildSettings = {
				BUNDLE_LOADER = "$(TEST_HOST)";
				CODE_SIGN_STYLE = Automatic;
				CURRENT_PROJECT_VERSION = 1;
				DEVELOPMENT_TEAM = 356QZB2X3M;
				GENERATE_INFOPLIST_FILE = YES;
				IPHONEOS_DEPLOYMENT_TARGET = 26.0;
				MARKETING_VERSION = 1.0;
				PRODUCT_BUNDLE_IDENTIFIER = com.craigwilliams.GuitarSongsTrackerTests;
				PRODUCT_NAME = "$(TARGET_NAME)";
				STRING_CATALOG_GENERATE_SYMBOLS = NO;
				SWIFT_APPROACHABLE_CONCURRENCY = YES;
				SWIFT_EMIT_LOC_STRINGS = NO;
				SWIFT_UPCOMING_FEATURE_MEMBER_IMPORT_VISIBILITY = YES;
				SWIFT_VERSION = 5.0;
				TARGETED_DEVICE_FAMILY = "1,2";
				TEST_HOST = "$(BUILT_PRODUCTS_DIR)/GuitarSongsTracker.app/$(BUNDLE_EXECUTABLE_FOLDER_PATH)/GuitarSongsTracker";
			};
			name = Release;
		};
		3DEC4AF62E5F9CD300DD5F9C /* Debug */ = {
			isa = XCBuildConfiguration;
			buildSettings = {
				CODE_SIGN_STYLE = Automatic;
				CURRENT_PROJECT_VERSION = 1;
				DEVELOPMENT_TEAM = 356QZB2X3M;
				GENERATE_INFOPLIST_FILE = YES;
				MARKETING_VERSION = 1.0;
				PRODUCT_BUNDLE_IDENTIFIER = com.craigwilliams.GuitarSongsTrackerUITests;
				PRODUCT_NAME = "$(TARGET_NAME)";
				STRING_CATALOG_GENERATE_SYMBOLS = NO;
				SWIFT_APPROACHABLE_CONCURRENCY = YES;
				SWIFT_EMIT_LOC_STRINGS = NO;
				SWIFT_UPCOMING_FEATURE_MEMBER_IMPORT_VISIBILITY = YES;
				SWIFT_VERSION = 5.0;
				TARGETED_DEVICE_FAMILY = "1,2";
				TEST_TARGET_NAME = GuitarSongsTracker;
			};
			name = Debug;
		};
		3DEC4AF72E5F9CD300DD5F9C /* Release */ = {
			isa = XCBuildConfiguration;
			buildSettings = {
				CODE_SIGN_STYLE = Automatic;
				CURRENT_PROJECT_VERSION = 1;
				DEVELOPMENT_TEAM = 356QZB2X3M;
				GENERATE_INFOPLIST_FILE = YES;
				MARKETING_VERSION = 1.0;
				PRODUCT_BUNDLE_IDENTIFIER = com.craigwilliams.GuitarSongsTrackerUITests;
				PRODUCT_NAME = "$(TARGET_NAME)";
				STRING_CATALOG_GENERATE_SYMBOLS = NO;
				SWIFT_APPROACHABLE_CONCURRENCY = YES;
				SWIFT_EMIT_LOC_STRINGS = NO;
				SWIFT_UPCOMING_FEATURE_MEMBER_IMPORT_VISIBILITY = YES;
				SWIFT_VERSION = 5.0;
				TARGETED_DEVICE_FAMILY = "1,2";
				TEST_TARGET_NAME = GuitarSongsTracker;
			};
			name = Release;
		};
/* End XCBuildConfiguration section */

/* Begin XCConfigurationList section */
		3DEC4AC92E5F9CD000DD5F9C /* Build configuration list for PBXProject "GuitarSongsTracker" */ = {
			isa = XCConfigurationList;
			buildConfigurations = (
				3DEC4AED2E5F9CD300DD5F9C /* Debug */,
				3DEC4AEE2E5F9CD300DD5F9C /* Release */,
			);
			defaultConfigurationIsVisible = 0;
			defaultConfigurationName = Release;
		};
		3DEC4AEF2E5F9CD300DD5F9C /* Build configuration list for PBXNativeTarget "GuitarSongsTracker" */ = {
			isa = XCConfigurationList;
			buildConfigurations = (
				3DEC4AF02E5F9CD300DD5F9C /* Debug */,
				3DEC4AF12E5F9CD300DD5F9C /* Release */,
			);
			defaultConfigurationIsVisible = 0;
			defaultConfigurationName = Release;
		};
		3DEC4AF22E5F9CD300DD5F9C /* Build configuration list for PBXNativeTarget "GuitarSongsTrackerTests" */ = {
			isa = XCConfigurationList;
			buildConfigurations = (
				3DEC4AF32E5F9CD300DD5F9C /* Debug */,
				3DEC4AF42E5F9CD300DD5F9C /* Release */,
			);
			defaultConfigurationIsVisible = 0;
			defaultConfigurationName = Release;
		};
		3DEC4AF52E5F9CD300DD5F9C /* Build configuration list for PBXNativeTarget "GuitarSongsTrackerUITests" */ = {
			isa = XCConfigurationList;
			buildConfigurations = (
				3DEC4AF62E5F9CD300DD5F9C /* Debug */,
				3DEC4AF72E5F9CD300DD5F9C /* Release */,
			);
			defaultConfigurationIsVisible = 0;
			defaultConfigurationName = Release;
		};
/* End XCConfigurationList section */
	};
	rootObject = 3DEC4AC62E5F9CD000DD5F9C /* Project object */;
}
